
Microsoft Visual Studio Solution File, Format Version 12.00
# Visual Studio Version 17
VisualStudioVersion = 17.14.36705.20 d17.14
MinimumVisualStudioVersion = 10.0.40219.1
Project("{FAE04EC0-301F-11D3-BF4B-00C04F79EFBC}") = "sakkGomba", "sakkGomba\sakkGomba.csproj", "{0A9C9234-886F-4D2F-B2A1-8802D602DD1A}"
EndProject
Global
	GlobalSection(SolutionConfigurationPlatforms) = preSolution
		Debug|Any CPU = Debug|Any CPU
		Release|Any CPU = Release|Any CPU
	EndGlobalSection
	GlobalSection(ProjectConfigurationPlatforms) = postSolution
		{0A9C9234-886F-4D2F-B2A1-8802D602DD1A}.Debug|Any CPU.ActiveCfg = Debug|Any CPU
		{0A9C9234-886F-4D2F-B2A1-8802D602DD1A}.Debug|Any CPU.Build.0 = Debug|Any CPU
		{0A9C9234-886F-4D2F-B2A1-8802D602DD1A}.Release|Any CPU.ActiveCfg = Release|Any CPU
		{0A9C9234-886F-4D2F-B2A1-8802D602DD1A}.Release|Any CPU.Build.0 = Release|Any CPU
	EndGlobalSection
	GlobalSection(SolutionProperties) = preSolution
		HideSolutionNode = FALSE
	EndGlobalSection
	GlobalSection(ExtensibilityGlobals) = postSolution
		SolutionGuid = {892EECD3-CBDB-4F12-9AC2-21A2F0468C82}
	EndGlobalSection
EndGlobal
